
Microsoft Visual Studio Solution File, Format Version 12.00
# Visual Studio Version 17
VisualStudioVersion = 17.13.35818.85
MinimumVisualStudioVersion = 10.0.40219.1
Project("{FAE04EC0-301F-11D3-BF4B-00C04F79EFBC}") = "Ship.Ses.Ingestor.Domain", "Ship.Ses.Ingestor.Api\src\Ship.Ses.Ingestor.Domain\Ship.Ses.Ingestor.Domain.csproj", "{7A39123C-E530-F351-0890-BD95AC2A3411}"
EndProject
Project("{FAE04EC0-301F-11D3-BF4B-00C04F79EFBC}") = "Ship.Ses.Ingestor.Application", "Ship.Ses.Ingestor.Api\src\Ship.Ses.Ingestor.Application\Ship.Ses.Ingestor.Application.csproj", "{B0C52E17-A0BC-60B5-3C81-2034F498537B}"
EndProject
Project("{FAE04EC0-301F-11D3-BF4B-00C04F79EFBC}") = "Ship.Ses.Ingestor.Infrastructure", "Ship.Ses.Ingestor.Api\src\Ship.Ses.Ingestor.Infrastructure\Ship.Ses.Ingestor.Infrastructure.csproj", "{4AAB039F-95EA-1935-66AC-9D44AF80F952}"
EndProject
Project("{FAE04EC0-301F-11D3-BF4B-00C04F79EFBC}") = "Ship.Ses.Ingestor.Api", "Ship.Ses.Ingestor.Api\src\Ship.Ses.Ingestor.WebApi\Ship.Ses.Ingestor.Api.csproj", "{C4CC246F-12C2-A6E4-1B73-4973EAB0D2BD}"
EndProject
Project("{FAE04EC0-301F-11D3-BF4B-00C04F79EFBC}") = "Ship.Ses.Ingestor.Application.UnitTests", "Ship.Ses.Ingestor.Api\tests\Ship.Ses.Ingestor.Application.UnitTests\Ship.Ses.Ingestor.Application.UnitTests.csproj", "{5A0FB3A0-4718-EC48-F5D6-1A4C91C6CE41}"
EndProject
Project("{FAE04EC0-301F-11D3-BF4B-00C04F79EFBC}") = "Ship.Ses.Ingestor.Domain.UnitTests", "Ship.Ses.Ingestor.Api\tests\Ship.Ses.Ingestor.Domain.UnitTests\Ship.Ses.Ingestor.Domain.UnitTests.csproj", "{0BC11F07-65E4-1E5B-F1CB-08C98605F190}"
EndProject
Project("{FAE04EC0-301F-11D3-BF4B-00C04F79EFBC}") = "Ship.Ses.Ingestor.Infrastructure.UnitTests", "Ship.Ses.Ingestor.Api\tests\Ship.Ses.Ingestor.Infrastructure.UnitTests\Ship.Ses.Ingestor.Infrastructure.UnitTests.csproj", "{BCC542D3-9F83-BCEC-88DA-60207449AB67}"
EndProject
Global
	GlobalSection(SolutionConfigurationPlatforms) = preSolution
		Debug|Any CPU = Debug|Any CPU
		Release|Any CPU = Release|Any CPU
	EndGlobalSection
	GlobalSection(ProjectConfigurationPlatforms) = postSolution
		{7A39123C-E530-F351-0890-BD95AC2A3411}.Debug|Any CPU.ActiveCfg = Debug|Any CPU
		{7A39123C-E530-F351-0890-BD95AC2A3411}.Debug|Any CPU.Build.0 = Debug|Any CPU
		{7A39123C-E530-F351-0890-BD95AC2A3411}.Release|Any CPU.ActiveCfg = Release|Any CPU
		{7A39123C-E530-F351-0890-BD95AC2A3411}.Release|Any CPU.Build.0 = Release|Any CPU
		{B0C52E17-A0BC-60B5-3C81-2034F498537B}.Debug|Any CPU.ActiveCfg = Debug|Any CPU
		{B0C52E17-A0BC-60B5-3C81-2034F498537B}.Debug|Any CPU.Build.0 = Debug|Any CPU
		{B0C52E17-A0BC-60B5-3C81-2034F498537B}.Release|Any CPU.ActiveCfg = Release|Any CPU
		{B0C52E17-A0BC-60B5-3C81-2034F498537B}.Release|Any CPU.Build.0 = Release|Any CPU
		{4AAB039F-95EA-1935-66AC-9D44AF80F952}.Debug|Any CPU.ActiveCfg = Debug|Any CPU
		{4AAB039F-95EA-1935-66AC-9D44AF80F952}.Debug|Any CPU.Build.0 = Debug|Any CPU
		{4AAB039F-95EA-1935-66AC-9D44AF80F952}.Release|Any CPU.ActiveCfg = Release|Any CPU
		{4AAB039F-95EA-1935-66AC-9D44AF80F952}.Release|Any CPU.Build.0 = Release|Any CPU
		{C4CC246F-12C2-A6E4-1B73-4973EAB0D2BD}.Debug|Any CPU.ActiveCfg = Debug|Any CPU
		{C4CC246F-12C2-A6E4-1B73-4973EAB0D2BD}.Debug|Any CPU.Build.0 = Debug|Any CPU
		{C4CC246F-12C2-A6E4-1B73-4973EAB0D2BD}.Release|Any CPU.ActiveCfg = Release|Any CPU
		{C4CC246F-12C2-A6E4-1B73-4973EAB0D2BD}.Release|Any CPU.Build.0 = Release|Any CPU
		{5A0FB3A0-4718-EC48-F5D6-1A4C91C6CE41}.Debug|Any CPU.ActiveCfg = Debug|Any CPU
		{5A0FB3A0-4718-EC48-F5D6-1A4C91C6CE41}.Debug|Any CPU.Build.0 = Debug|Any CPU
		{5A0FB3A0-4718-EC48-F5D6-1A4C91C6CE41}.Release|Any CPU.ActiveCfg = Release|Any CPU
		{5A0FB3A0-4718-EC48-F5D6-1A4C91C6CE41}.Release|Any CPU.Build.0 = Release|Any CPU
		{0BC11F07-65E4-1E5B-F1CB-08C98605F190}.Debug|Any CPU.ActiveCfg = Debug|Any CPU
		{0BC11F07-65E4-1E5B-F1CB-08C98605F190}.Debug|Any CPU.Build.0 = Debug|Any CPU
		{0BC11F07-65E4-1E5B-F1CB-08C98605F190}.Release|Any CPU.ActiveCfg = Release|Any CPU
		{0BC11F07-65E4-1E5B-F1CB-08C98605F190}.Release|Any CPU.Build.0 = Release|Any CPU
		{BCC542D3-9F83-BCEC-88DA-60207449AB67}.Debug|Any CPU.ActiveCfg = Debug|Any CPU
		{BCC542D3-9F83-BCEC-88DA-60207449AB67}.Debug|Any CPU.Build.0 = Debug|Any CPU
		{BCC542D3-9F83-BCEC-88DA-60207449AB67}.Release|Any CPU.ActiveCfg = Release|Any CPU
		{BCC542D3-9F83-BCEC-88DA-60207449AB67}.Release|Any CPU.Build.0 = Release|Any CPU
	EndGlobalSection
	GlobalSection(SolutionProperties) = preSolution
		HideSolutionNode = FALSE
	EndGlobalSection
	GlobalSection(ExtensibilityGlobals) = postSolution
		SolutionGuid = {C75743FC-0F6C-4855-93CE-2B3EBBB3F53D}
	EndGlobalSection
EndGlobal
